// !$*UTF8*$!
{
	archiveVersion = 1;
	classes = {
	};
	objectVersion = 46;
	objects = {

/* Begin PBXBuildFile section */
		DE0CF4731FC818A2001E21DD /* PokeCell.swift in Sources */ = {isa = PBXBuildFile; fileRef = DE0CF4721FC818A2001E21DD /* PokeCell.swift */; };
		DE2E26A81FC2E6550056B6EA /* AppDelegate.swift in Sources */ = {isa = PBXBuildFile; fileRef = DE2E26A71FC2E6550056B6EA /* AppDelegate.swift */; };
		DE2E26AA1FC2E6550056B6EA /* ViewController.swift in Sources */ = {isa = PBXBuildFile; fileRef = DE2E26A91FC2E6550056B6EA /* ViewController.swift */; };
		DE2E26AD1FC2E6550056B6EA /* Main.storyboard in Resources */ = {isa = PBXBuildFile; fileRef = DE2E26AB1FC2E6550056B6EA /* Main.storyboard */; };
		DE2E26AF1FC2E6550056B6EA /* Assets.xcassets in Resources */ = {isa = PBXBuildFile; fileRef = DE2E26AE1FC2E6550056B6EA /* Assets.xcassets */; };
		DE2E26B21FC2E6550056B6EA /* LaunchScreen.storyboard in Resources */ = {isa = PBXBuildFile; fileRef = DE2E26B01FC2E6550056B6EA /* LaunchScreen.storyboard */; };
		DE2E26BD1FC2EA470056B6EA /* PokemonData.swift in Sources */ = {isa = PBXBuildFile; fileRef = DE2E26BC1FC2EA470056B6EA /* PokemonData.swift */; };
		DE8DE1AA1FEF9335006FA396 /* csv.swift in Sources */ = {isa = PBXBuildFile; fileRef = DE8DE1A91FEF9335006FA396 /* csv.swift */; };
		DED19C9F1FF255950072DA26 /* pokemon.csv in Resources */ = {isa = PBXBuildFile; fileRef = DED19C9E1FF255950072DA26 /* pokemon.csv */; };
		DED19CA11FF258C10072DA26 /* Pokemon Solid.ttf in Resources */ = {isa = PBXBuildFile; fileRef = DED19CA01FF258C10072DA26 /* Pokemon Solid.ttf */; };
		DED19CA51FF25AD80072DA26 /* music.png in Resources */ = {isa = PBXBuildFile; fileRef = DED19CA41FF25AD80072DA26 /* music.png */; };
		DED19CA71FF263030072DA26 /* music.mp3 in Resources */ = {isa = PBXBuildFile; fileRef = DED19CA61FF263030072DA26 /* music.mp3 */; };
/* End PBXBuildFile section */

/* Begin PBXFileReference section */
		DE0CF4721FC818A2001E21DD /* PokeCell.swift */ = {isa = PBXFileReference; fileEncoding = 4; lastKnownFileType = sourcecode.swift; path = PokeCell.swift; sourceTree = "<group>"; };
		DE2E26A41FC2E6550056B6EA /* Pokedex.app */ = {isa = PBXFileReference; explicitFileType = wrapper.application; includeInIndex = 0; path = Pokedex.app; sourceTree = BUILT_PRODUCTS_DIR; };
		DE2E26A71FC2E6550056B6EA /* AppDelegate.swift */ = {isa = PBXFileReference; lastKnownFileType = sourcecode.swift; path = AppDelegate.swift; sourceTree = "<group>"; };
		DE2E26A91FC2E6550056B6EA /* ViewController.swift */ = {isa = PBXFileReference; lastKnownFileType = sourcecode.swift; path = ViewController.swift; sourceTree = "<group>"; };
		DE2E26AC1FC2E6550056B6EA /* Base */ = {isa = PBXFileReference; lastKnownFileType = file.storyboard; name = Base; path = Base.lproj/Main.storyboard; sourceTree = "<group>"; };
		DE2E26AE1FC2E6550056B6EA /* Assets.xcassets */ = {isa = PBXFileReference; lastKnownFileType = folder.assetcatalog; path = Assets.xcassets; sourceTree = "<group>"; };
		DE2E26B11FC2E6550056B6EA /* Base */ = {isa = PBXFileReference; lastKnownFileType = file.storyboard; name = Base; path = Base.lproj/LaunchScreen.storyboard; sourceTree = "<group>"; };
		DE2E26B31FC2E6550056B6EA /* Info.plist */ = {isa = PBXFileReference; lastKnownFileType = text.plist.xml; path = Info.plist; sourceTree = "<group>"; };
		DE2E26BC1FC2EA470056B6EA /* PokemonData.swift */ = {isa = PBXFileReference; fileEncoding = 4; lastKnownFileType = sourcecode.swift; path = PokemonData.swift; sourceTree = "<group>"; };
		DE8DE1A91FEF9335006FA396 /* csv.swift */ = {isa = PBXFileReference; fileEncoding = 4; lastKnownFileType = sourcecode.swift; path = csv.swift; sourceTree = "<group>"; };
		DED19C9E1FF255950072DA26 /* pokemon.csv */ = {isa = PBXFileReference; fileEncoding = 4; lastKnownFileType = text; path = pokemon.csv; sourceTree = "<group>"; };
		DED19CA01FF258C10072DA26 /* Pokemon Solid.ttf */ = {isa = PBXFileReference; lastKnownFileType = file; path = "Pokemon Solid.ttf"; sourceTree = "<group>"; };
		DED19CA41FF25AD80072DA26 /* music.png */ = {isa = PBXFileReference; lastKnownFileType = image.png; path = music.png; sourceTree = "<group>"; };
		DED19CA61FF263030072DA26 /* music.mp3 */ = {isa = PBXFileReference; lastKnownFileType = audio.mp3; path = music.mp3; sourceTree = "<group>"; };
/* End PBXFileReference section */

/* Begin PBXFrameworksBuildPhase section */
		DE2E26A11FC2E6550056B6EA /* Frameworks */ = {
			isa = PBXFrameworksBuildPhase;
			buildActionMask = 2147483647;
			files = (
			);
			runOnlyForDeploymentPostprocessing = 0;
		};
/* End PBXFrameworksBuildPhase section */

/* Begin PBXGroup section */
		DE2E269B1FC2E6550056B6EA = {
			isa = PBXGroup;
			children = (
				DE2E26A61FC2E6550056B6EA /* Pokedex */,
				DE2E26A51FC2E6550056B6EA /* Products */,
			);
			sourceTree = "<group>";
		};
		DE2E26A51FC2E6550056B6EA /* Products */ = {
			isa = PBXGroup;
			children = (
				DE2E26A41FC2E6550056B6EA /* Pokedex.app */,
			);
			name = Products;
			sourceTree = "<group>";
		};
		DE2E26A61FC2E6550056B6EA /* Pokedex */ = {
			isa = PBXGroup;
			children = (
				DE2E26B91FC2E87E0056B6EA /* Model */,
				DE2E26BA1FC2E8860056B6EA /* View */,
				DE2E26BB1FC2E8900056B6EA /* Controller */,
				DED19CA31FF25A110072DA26 /* Resources */,
				DE2E26A71FC2E6550056B6EA /* AppDelegate.swift */,
				DE2E26AE1FC2E6550056B6EA /* Assets.xcassets */,
				DE2E26B01FC2E6550056B6EA /* LaunchScreen.storyboard */,
				DE2E26B31FC2E6550056B6EA /* Info.plist */,
			);
			path = Pokedex;
			sourceTree = "<group>";
		};
		DE2E26B91FC2E87E0056B6EA /* Model */ = {
			isa = PBXGroup;
			children = (
				DE2E26BC1FC2EA470056B6EA /* PokemonData.swift */,
			);
			name = Model;
			sourceTree = "<group>";
		};
		DE2E26BA1FC2E8860056B6EA /* View */ = {
			isa = PBXGroup;
			children = (
				DE2E26AB1FC2E6550056B6EA /* Main.storyboard */,
				DE0CF4721FC818A2001E21DD /* PokeCell.swift */,
			);
			name = View;
			sourceTree = "<group>";
		};
		DE2E26BB1FC2E8900056B6EA /* Controller */ = {
			isa = PBXGroup;
			children = (
				DE2E26A91FC2E6550056B6EA /* ViewController.swift */,
			);
			name = Controller;
			sourceTree = "<group>";
		};
		DED19CA31FF25A110072DA26 /* Resources */ = {
			isa = PBXGroup;
			children = (
				DE8DE1A91FEF9335006FA396 /* csv.swift */,
				DED19C9E1FF255950072DA26 /* pokemon.csv */,
				DED19CA01FF258C10072DA26 /* Pokemon Solid.ttf */,
				DED19CA41FF25AD80072DA26 /* music.png */,
				DED19CA61FF263030072DA26 /* music.mp3 */,
			);
			name = Resources;
			sourceTree = "<group>";
		};
/* End PBXGroup section */

/* Begin PBXNativeTarget section */
		DE2E26A31FC2E6550056B6EA /* Pokedex */ = {
			isa = PBXNativeTarget;
			buildConfigurationList = DE2E26B61FC2E6550056B6EA /* Build configuration list for PBXNativeTarget "Pokedex" */;
			buildPhases = (
				DE2E26A01FC2E6550056B6EA /* Sources */,
				DE2E26A11FC2E6550056B6EA /* Frameworks */,
				DE2E26A21FC2E6550056B6EA /* Resources */,
			);
			buildRules = (
			);
			dependencies = (
			);
			name = Pokedex;
			productName = Pokedex;
			productReference = DE2E26A41FC2E6550056B6EA /* Pokedex.app */;
			productType = "com.apple.product-type.application";
		};
/* End PBXNativeTarget section */

/* Begin PBXProject section */
		DE2E269C1FC2E6550056B6EA /* Project object */ = {
			isa = PBXProject;
			attributes = {
				LastSwiftUpdateCheck = 0730;
				LastUpgradeCheck = 0730;
				ORGANIZATIONNAME = JanielHNY;
				TargetAttributes = {
					DE2E26A31FC2E6550056B6EA = {
						CreatedOnToolsVersion = 7.3;
					};
				};
			};
			buildConfigurationList = DE2E269F1FC2E6550056B6EA /* Build configuration list for PBXProject "Pokedex" */;
			compatibilityVersion = "Xcode 3.2";
			developmentRegion = English;
			hasScannedForEncodings = 0;
			knownRegions = (
				en,
				Base,
			);
			mainGroup = DE2E269B1FC2E6550056B6EA;
			productRefGroup = DE2E26A51FC2E6550056B6EA /* Products */;
			projectDirPath = "";
			projectRoot = "";
			targets = (
				DE2E26A31FC2E6550056B6EA /* Pokedex */,
			);
		};
/* End PBXProject section */

/* Begin PBXResourcesBuildPhase section */
		DE2E26A21FC2E6550056B6EA /* Resources */ = {
			isa = PBXResourcesBuildPhase;
			buildActionMask = 2147483647;
			files = (
				DED19CA11FF258C10072DA26 /* Pokemon Solid.ttf in Resources */,
				DE2E26B21FC2E6550056B6EA /* LaunchScreen.storyboard in Resources */,
				DE2E26AF1FC2E6550056B6EA /* Assets.xcassets in Resources */,
				DED19C9F1FF255950072DA26 /* pokemon.csv in Resources */,
				DE2E26AD1FC2E6550056B6EA /* Main.storyboard in Resources */,
				DED19CA71FF263030072DA26 /* music.mp3 in Resources */,
				DED19CA51FF25AD80072DA26 /* music.png in Resources */,
			);
			runOnlyForDeploymentPostprocessing = 0;
		};
/* End PBXResourcesBuildPhase section */

/* Begin PBXSourcesBuildPhase section */
		DE2E26A01FC2E6550056B6EA /* Sources */ = {
			isa = PBXSourcesBuildPhase;
			buildActionMask = 2147483647;
			files = (
				DE0CF4731FC818A2001E21DD /* PokeCell.swift in Sources */,
				DE2E26AA1FC2E6550056B6EA /* ViewController.swift in Sources */,
				DE2E26BD1FC2EA470056B6EA /* PokemonData.swift in Sources */,
				DE2E26A81FC2E6550056B6EA /* AppDelegate.swift in Sources */,
				DE8DE1AA1FEF9335006FA396 /* csv.swift in Sources */,
			);
			runOnlyForDeploymentPostprocessing = 0;
		};
/* End PBXSourcesBuildPhase section */

/* Begin PBXVariantGroup section */
		DE2E26AB1FC2E6550056B6EA /* Main.storyboard */ = {
			isa = PBXVariantGroup;
			children = (
				DE2E26AC1FC2E6550056B6EA /* Base */,
			);
			name = Main.storyboard;
			sourceTree = "<group>";
		};
		DE2E26B01FC2E6550056B6EA /* LaunchScreen.storyboard */ = {
			isa = PBXVariantGroup;
			children = (
				DE2E26B11FC2E6550056B6EA /* Base */,
			);
			name = LaunchScreen.storyboard;
			sourceTree = "<group>";
		};
/* End PBXVariantGroup section */

/* Begin XCBuildConfiguration section */
		DE2E26B41FC2E6550056B6EA /* Debug */ = {
			isa = XCBuildConfiguration;
			buildSettings = {
				ALWAYS_SEARCH_USER_PATHS = NO;
				CLANG_ANALYZER_NONNULL = YES;
				CLANG_CXX_LANGUAGE_STANDARD = "gnu++0x";
				CLANG_CXX_LIBRARY = "libc++";
				CLANG_ENABLE_MODULES = YES;
				CLANG_ENABLE_OBJC_ARC = YES;
				CLANG_WARN_BOOL_CONVERSION = YES;
				CLANG_WARN_CONSTANT_CONVERSION = YES;
				CLANG_WARN_DIRECT_OBJC_ISA_USAGE = YES_ERROR;
				CLANG_WARN_EMPTY_BODY = YES;
				CLANG_WARN_ENUM_CONVERSION = YES;
				CLANG_WARN_INT_CONVERSION = YES;
				CLANG_WARN_OBJC_ROOT_CLASS = YES_ERROR;
				CLANG_WARN_UNREACHABLE_CODE = YES;
				CLANG_WARN__DUPLICATE_METHOD_MATCH = YES;
				"CODE_SIGN_IDENTITY[sdk=iphoneos*]" = "iPhone Developer";
				COPY_PHASE_STRIP = NO;
				DEBUG_INFORMATION_FORMAT = dwarf;
				ENABLE_STRICT_OBJC_MSGSEND = YES;
				ENABLE_TESTABILITY = YES;
				GCC_C_LANGUAGE_STANDARD = gnu99;
				GCC_DYNAMIC_NO_PIC = NO;
				GCC_NO_COMMON_BLOCKS = YES;
				GCC_OPTIMIZATION_LEVEL = 0;
				GCC_PREPROCESSOR_DEFINITIONS = (
					"DEBUG=1",
					"$(inherited)",
				);
				GCC_WARN_64_TO_32_BIT_CONVERSION = YES;
				GCC_WARN_ABOUT_RETURN_TYPE = YES_ERROR;
				GCC_WARN_UNDECLARED_SELECTOR = YES;
				GCC_WARN_UNINITIALIZED_AUTOS = YES_AGGRESSIVE;
				GCC_WARN_UNUSED_FUNCTION = YES;
				GCC_WARN_UNUSED_VARIABLE = YES;
				IPHONEOS_DEPLOYMENT_TARGET = 9.3;
				MTL_ENABLE_DEBUG_INFO = YES;
				ONLY_ACTIVE_ARCH = YES;
				SDKROOT = iphoneos;
				SWIFT_OPTIMIZATION_LEVEL = "-Onone";
			};
			name = Debug;
		};
		DE2E26B51FC2E6550056B6EA /* Release */ = {
			isa = XCBuildConfiguration;
			buildSettings = {
				ALWAYS_SEARCH_USER_PATHS = NO;
				CLANG_ANALYZER_NONNULL = YES;
				CLANG_CXX_LANGUAGE_STANDARD = "gnu++0x";
				CLANG_CXX_LIBRARY = "libc++";
				CLANG_ENABLE_MODULES = YES;
				CLANG_ENABLE_OBJC_ARC = YES;
				CLANG_WARN_BOOL_CONVERSION = YES;
				CLANG_WARN_CONSTANT_CONVERSION = YES;
				CLANG_WARN_DIRECT_OBJC_ISA_USAGE = YES_ERROR;
				CLANG_WARN_EMPTY_BODY = YES;
				CLANG_WARN_ENUM_CONVERSION = YES;
				CLANG_WARN_INT_CONVERSION = YES;
				CLANG_WARN_OBJC_ROOT_CLASS = YES_ERROR;
				CLANG_WARN_UNREACHABLE_CODE = YES;
				CLANG_WARN__DUPLICATE_METHOD_MATCH = YES;
				"CODE_SIGN_IDENTITY[sdk=iphoneos*]" = "iPhone Developer";
				COPY_PHASE_STRIP = NO;
				DEBUG_INFORMATION_FORMAT = "dwarf-with-dsym";
				ENABLE_NS_ASSERTIONS = NO;
				ENABLE_STRICT_OBJC_MSGSEND = YES;
				GCC_C_LANGUAGE_STANDARD = gnu99;
				GCC_NO_COMMON_BLOCKS = YES;
				GCC_WARN_64_TO_32_BIT_CONVERSION = YES;
				GCC_WARN_ABOUT_RETURN_TYPE = YES_ERROR;
				GCC_WARN_UNDECLARED_SELECTOR = YES;
				GCC_WARN_UNINITIALIZED_AUTOS = YES_AGGRESSIVE;
				GCC_WARN_UNUSED_FUNCTION = YES;
				GCC_WARN_UNUSED_VARIABLE = YES;
				IPHONEOS_DEPLOYMENT_TARGET = 9.3;
				MTL_ENABLE_DEBUG_INFO = NO;
				SDKROOT = iphoneos;
				VALIDATE_PRODUCT = YES;
			};
			name = Release;
		};
		DE2E26B71FC2E6550056B6EA /* Debug */ = {
			isa = XCBuildConfiguration;
			buildSettings = {
				ASSETCATALOG_COMPILER_APPICON_NAME = AppIcon;
				INFOPLIST_FILE = Pokedex/Info.plist;
				LD_RUNPATH_SEARCH_PATHS = "$(inherited) @executable_path/Frameworks";
				PRODUCT_BUNDLE_IDENTIFIER = com.janielh.Pokedex;
				PRODUCT_NAME = "$(TARGET_NAME)";
			};
			name = Debug;
		};
		DE2E26B81FC2E6550056B6EA /* Release */ = {
			isa = XCBuildConfiguration;
			buildSettings = {
				ASSETCATALOG_COMPILER_APPICON_NAME = AppIcon;
				INFOPLIST_FILE = Pokedex/Info.plist;
				LD_RUNPATH_SEARCH_PATHS = "$(inherited) @executable_path/Frameworks";
				PRODUCT_BUNDLE_IDENTIFIER = com.janielh.Pokedex;
				PRODUCT_NAME = "$(TARGET_NAME)";
			};
			name = Release;
		};
/* End XCBuildConfiguration section */

/* Begin XCConfigurationList section */
		DE2E269F1FC2E6550056B6EA /* Build configuration list for PBXProject "Pokedex" */ = {
			isa = XCConfigurationList;
			buildConfigurations = (
				DE2E26B41FC2E6550056B6EA /* Debug */,
				DE2E26B51FC2E6550056B6EA /* Release */,
			);
			defaultConfigurationIsVisible = 0;
			defaultConfigurationName = Release;
		};
		DE2E26B61FC2E6550056B6EA /* Build configuration list for PBXNativeTarget "Pokedex" */ = {
			isa = XCConfigurationList;
			buildConfigurations = (
				DE2E26B71FC2E6550056B6EA /* Debug */,
				DE2E26B81FC2E6550056B6EA /* Release */,
			);
			defaultConfigurationIsVisible = 0;
			defaultConfigurationName = Release;
		};
/* End XCConfigurationList section */
	};
	rootObject = DE2E269C1FC2E6550056B6EA /* Project object */;
}
